
Microsoft Visual Studio Solution File, Format Version 12.00
# Visual Studio Version 17
VisualStudioVersion = 17.1.32421.90
MinimumVisualStudioVersion = 10.0.40219.1
Project("{9A19103F-16F7-4668-BE54-9A1E7A4F7556}") = "bubble-sort", "bubble-sort\bubble-sort.csproj", "{CC28648A-9D87-4169-8AF8-E3EDF0135A53}"
EndProject
Project("{FAE04EC0-301F-11D3-BF4B-00C04F79EFBC}") = "bubble-sort.test", "bubble-sort.test\bubble-sort.test.csproj", "{16B7BF77-AAD1-4667-8EEB-2C1BF79C43E7}"
EndProject
Global
	GlobalSection(SolutionConfigurationPlatforms) = preSolution
		Debug|Any CPU = Debug|Any CPU
		Release|Any CPU = Release|Any CPU
	EndGlobalSection
	GlobalSection(ProjectConfigurationPlatforms) = postSolution
		{CC28648A-9D87-4169-8AF8-E3EDF0135A53}.Debug|Any CPU.ActiveCfg = Debug|Any CPU
		{CC28648A-9D87-4169-8AF8-E3EDF0135A53}.Debug|Any CPU.Build.0 = Debug|Any CPU
		{CC28648A-9D87-4169-8AF8-E3EDF0135A53}.Release|Any CPU.ActiveCfg = Release|Any CPU
		{CC28648A-9D87-4169-8AF8-E3EDF0135A53}.Release|Any CPU.Build.0 = Release|Any CPU
		{16B7BF77-AAD1-4667-8EEB-2C1BF79C43E7}.Debug|Any CPU.ActiveCfg = Debug|Any CPU
		{16B7BF77-AAD1-4667-8EEB-2C1BF79C43E7}.Debug|Any CPU.Build.0 = Debug|Any CPU
		{16B7BF77-AAD1-4667-8EEB-2C1BF79C43E7}.Release|Any CPU.ActiveCfg = Release|Any CPU
		{16B7BF77-AAD1-4667-8EEB-2C1BF79C43E7}.Release|Any CPU.Build.0 = Release|Any CPU
	EndGlobalSection
	GlobalSection(SolutionProperties) = preSolution
		HideSolutionNode = FALSE
	EndGlobalSection
	GlobalSection(ExtensibilityGlobals) = postSolution
		SolutionGuid = {1B064C47-209D-4BB0-A220-3B690A00B3E4}
	EndGlobalSection
EndGlobal
